a:1:{s:8:"products";O:32:"Cake\Database\Schema\TableSchema":7:{s:9:" * _table";s:8:"products";s:11:" * _columns";a:3:{s:2:"id";a:9:{s:4:"type";s:7:"integer";s:6:"length";N;s:8:"unsigned";b:0;s:4:"null";b:0;s:7:"default";N;s:7:"comment";N;s:13:"autoIncrement";b:1;s:8:"baseType";N;s:9:"precision";N;}s:4:"name";a:8:{s:4:"type";s:6:"string";s:6:"length";i:255;s:4:"null";b:0;s:7:"default";N;s:7:"collate";N;s:7:"comment";N;s:8:"baseType";N;s:9:"precision";N;}s:5:"price";a:9:{s:4:"type";s:7:"decimal";s:6:"length";i:4;s:9:"precision";i:2;s:4:"null";b:0;s:7:"default";N;s:7:"comment";N;s:8:"baseType";N;s:13:"autoIncrement";N;s:8:"unsigned";b:0;}}s:11:" * _typeMap";a:3:{s:2:"id";s:7:"integer";s:4:"name";s:6:"string";s:5:"price";s:7:"decimal";}s:11:" * _indexes";a:0:{}s:15:" * _constraints";a:1:{s:7:"primary";a:3:{s:4:"type";s:7:"primary";s:7:"columns";a:1:{i:0;s:2:"id";}s:6:"length";a:0:{}}}s:11:" * _options";a:0:{}s:13:" * _temporary";b:0;}}
